
Microsoft Visual Studio Solution File, Format Version 12.00
# Visual Studio Version 16
VisualStudioVersion = 16.0.30804.86
MinimumVisualStudioVersion = 10.0.40219.1
Project("{FAE04EC0-301F-11D3-BF4B-00C04F79EFBC}") = "sample", "sample\sample.csproj", "{09A55B2A-E454-4E26-B819-1D0DC62DF19A}"
EndProject
Global
	GlobalSection(SolutionConfigurationPlatforms) = preSolution
		Debug|Any CPU = Debug|Any CPU
		Release|Any CPU = Release|Any CPU
	EndGlobalSection
	GlobalSection(ProjectConfigurationPlatforms) = postSolution
		{09A55B2A-E454-4E26-B819-1D0DC62DF19A}.Debug|Any CPU.ActiveCfg = Debug|Any CPU
		{09A55B2A-E454-4E26-B819-1D0DC62DF19A}.Debug|Any CPU.Build.0 = Debug|Any CPU
		{09A55B2A-E454-4E26-B819-1D0DC62DF19A}.Release|Any CPU.ActiveCfg = Release|Any CPU
		{09A55B2A-E454-4E26-B819-1D0DC62DF19A}.Release|Any CPU.Build.0 = Release|Any CPU
	EndGlobalSection
	GlobalSection(SolutionProperties) = preSolution
		HideSolutionNode = FALSE
	EndGlobalSection
	GlobalSection(ExtensibilityGlobals) = postSolution
		SolutionGuid = {65AD4502-AD76-4A27-BA2A-B7118987CF17}
	EndGlobalSection
EndGlobal
